// !$*UTF8*$!
{
	archiveVersion = 1;
	classes = {
	};
	objectVersion = 48;
	objects = {

/* Begin PBXBuildFile section */
		2640DF201FBD38F1003473FE /* AppDelegate.swift in Sources */ = {isa = PBXBuildFile; fileRef = 2640DF1F1FBD38F1003473FE /* AppDelegate.swift */; };
		2640DF251FBD38F1003473FE /* Main.storyboard in Resources */ = {isa = PBXBuildFile; fileRef = 2640DF231FBD38F1003473FE /* Main.storyboard */; };
		2640DF271FBD38F1003473FE /* Assets.xcassets in Resources */ = {isa = PBXBuildFile; fileRef = 2640DF261FBD38F1003473FE /* Assets.xcassets */; };
		2640DF2A1FBD38F1003473FE /* LaunchScreen.storyboard in Resources */ = {isa = PBXBuildFile; fileRef = 2640DF281FBD38F1003473FE /* LaunchScreen.storyboard */; };
		26494BD81FBE455F00B0BC42 /* SWRevealViewController.m in Sources */ = {isa = PBXBuildFile; fileRef = 26494BD61FBE455F00B0BC42 /* SWRevealViewController.m */; };
		26494BDD1FC1101100B0BC42 /* ChatVC.swift in Sources */ = {isa = PBXBuildFile; fileRef = 26494BDC1FC1101100B0BC42 /* ChatVC.swift */; };
		26494BDF1FC1102100B0BC42 /* ChannelVC.swift in Sources */ = {isa = PBXBuildFile; fileRef = 26494BDE1FC1102100B0BC42 /* ChannelVC.swift */; };
		26494BE11FC15CCE00B0BC42 /* GradientView.swift in Sources */ = {isa = PBXBuildFile; fileRef = 26494BE01FC15CCE00B0BC42 /* GradientView.swift */; };
		26494BE41FC166FC00B0BC42 /* Constants.swift in Sources */ = {isa = PBXBuildFile; fileRef = 26494BE31FC166FC00B0BC42 /* Constants.swift */; };
		26494BE61FC16A6900B0BC42 /* LoginVC.swift in Sources */ = {isa = PBXBuildFile; fileRef = 26494BE51FC16A6900B0BC42 /* LoginVC.swift */; };
		D44432880655BAADA04EFE65 /* Pods_Smack.framework in Frameworks */ = {isa = PBXBuildFile; fileRef = D546911F0358789D9D47320A /* Pods_Smack.framework */; };
/* End PBXBuildFile section */

/* Begin PBXFileReference section */
		2640DF1C1FBD38F1003473FE /* Smack.app */ = {isa = PBXFileReference; explicitFileType = wrapper.application; includeInIndex = 0; path = Smack.app; sourceTree = BUILT_PRODUCTS_DIR; };
		2640DF1F1FBD38F1003473FE /* AppDelegate.swift */ = {isa = PBXFileReference; lastKnownFileType = sourcecode.swift; path = AppDelegate.swift; sourceTree = "<group>"; };
		2640DF241FBD38F1003473FE /* Base */ = {isa = PBXFileReference; lastKnownFileType = file.storyboard; name = Base; path = Base.lproj/Main.storyboard; sourceTree = "<group>"; };
		2640DF261FBD38F1003473FE /* Assets.xcassets */ = {isa = PBXFileReference; lastKnownFileType = folder.assetcatalog; path = Assets.xcassets; sourceTree = "<group>"; };
		2640DF291FBD38F1003473FE /* Base */ = {isa = PBXFileReference; lastKnownFileType = file.storyboard; name = Base; path = Base.lproj/LaunchScreen.storyboard; sourceTree = "<group>"; };
		2640DF2B1FBD38F1003473FE /* Info.plist */ = {isa = PBXFileReference; lastKnownFileType = text.plist.xml; path = Info.plist; sourceTree = "<group>"; };
		26494BD51FBE455E00B0BC42 /* Smack-Bridging-Header.h */ = {isa = PBXFileReference; lastKnownFileType = sourcecode.c.h; path = "Smack-Bridging-Header.h"; sourceTree = "<group>"; };
		26494BD61FBE455F00B0BC42 /* SWRevealViewController.m */ = {isa = PBXFileReference; fileEncoding = 4; lastKnownFileType = sourcecode.c.objc; path = SWRevealViewController.m; sourceTree = "<group>"; };
		26494BD71FBE455F00B0BC42 /* SWRevealViewController.h */ = {isa = PBXFileReference; fileEncoding = 4; lastKnownFileType = sourcecode.c.h; path = SWRevealViewController.h; sourceTree = "<group>"; };
		26494BDC1FC1101100B0BC42 /* ChatVC.swift */ = {isa = PBXFileReference; lastKnownFileType = sourcecode.swift; path = ChatVC.swift; sourceTree = "<group>"; };
		26494BDE1FC1102100B0BC42 /* ChannelVC.swift */ = {isa = PBXFileReference; lastKnownFileType = sourcecode.swift; path = ChannelVC.swift; sourceTree = "<group>"; };
		26494BE01FC15CCE00B0BC42 /* GradientView.swift */ = {isa = PBXFileReference; lastKnownFileType = sourcecode.swift; path = GradientView.swift; sourceTree = "<group>"; };
		26494BE31FC166FC00B0BC42 /* Constants.swift */ = {isa = PBXFileReference; lastKnownFileType = sourcecode.swift; path = Constants.swift; sourceTree = "<group>"; };
		26494BE51FC16A6900B0BC42 /* LoginVC.swift */ = {isa = PBXFileReference; lastKnownFileType = sourcecode.swift; path = LoginVC.swift; sourceTree = "<group>"; };
		4A3B711712A5D118116548F2 /* Pods-Smack.debug.xcconfig */ = {isa = PBXFileReference; includeInIndex = 1; lastKnownFileType = text.xcconfig; name = "Pods-Smack.debug.xcconfig"; path = "Pods/Target Support Files/Pods-Smack/Pods-Smack.debug.xcconfig"; sourceTree = "<group>"; };
		D546911F0358789D9D47320A /* Pods_Smack.framework */ = {isa = PBXFileReference; explicitFileType = wrapper.framework; includeInIndex = 0; path = Pods_Smack.framework; sourceTree = BUILT_PRODUCTS_DIR; };
		E91D49A644BEE64EA7DEC76B /* Pods-Smack.release.xcconfig */ = {isa = PBXFileReference; includeInIndex = 1; lastKnownFileType = text.xcconfig; name = "Pods-Smack.release.xcconfig"; path = "Pods/Target Support Files/Pods-Smack/Pods-Smack.release.xcconfig"; sourceTree = "<group>"; };
/* End PBXFileReference section */

/* Begin PBXFrameworksBuildPhase section */
		2640DF191FBD38F1003473FE /* Frameworks */ = {
			isa = PBXFrameworksBuildPhase;
			buildActionMask = 2147483647;
			files = (
				D44432880655BAADA04EFE65 /* Pods_Smack.framework in Frameworks */,
			);
			runOnlyForDeploymentPostprocessing = 0;
		};
/* End PBXFrameworksBuildPhase section */

/* Begin PBXGroup section */
		2640DF131FBD38F1003473FE = {
			isa = PBXGroup;
			children = (
				2640DF1E1FBD38F1003473FE /* Smack */,
				2640DF1D1FBD38F1003473FE /* Products */,
				5C72F81A611843D770CCB2BE /* Pods */,
				929B2B6DAF871FE2E8BAFB6C /* Frameworks */,
			);
			sourceTree = "<group>";
		};
		2640DF1D1FBD38F1003473FE /* Products */ = {
			isa = PBXGroup;
			children = (
				2640DF1C1FBD38F1003473FE /* Smack.app */,
			);
			name = Products;
			sourceTree = "<group>";
		};
		2640DF1E1FBD38F1003473FE /* Smack */ = {
			isa = PBXGroup;
			children = (
				26494BE21FC166E800B0BC42 /* Utilities */,
				26494BDB1FC10FDF00B0BC42 /* Controller */,
				26494BDA1FC10FDC00B0BC42 /* Model */,
				26494BD91FC10FD500B0BC42 /* View */,
				26494BD41FBE451200B0BC42 /* Supporting Files */,
				2640DF1F1FBD38F1003473FE /* AppDelegate.swift */,
				2640DF231FBD38F1003473FE /* Main.storyboard */,
				2640DF261FBD38F1003473FE /* Assets.xcassets */,
				2640DF281FBD38F1003473FE /* LaunchScreen.storyboard */,
				2640DF2B1FBD38F1003473FE /* Info.plist */,
			);
			path = Smack;
			sourceTree = "<group>";
		};
		26494BD41FBE451200B0BC42 /* Supporting Files */ = {
			isa = PBXGroup;
			children = (
				26494BD71FBE455F00B0BC42 /* SWRevealViewController.h */,
				26494BD61FBE455F00B0BC42 /* SWRevealViewController.m */,
				26494BD51FBE455E00B0BC42 /* Smack-Bridging-Header.h */,
			);
			path = "Supporting Files";
			sourceTree = "<group>";
		};
		26494BD91FC10FD500B0BC42 /* View */ = {
			isa = PBXGroup;
			children = (
				26494BE01FC15CCE00B0BC42 /* GradientView.swift */,
			);
			path = View;
			sourceTree = "<group>";
		};
		26494BDA1FC10FDC00B0BC42 /* Model */ = {
			isa = PBXGroup;
			children = (
			);
			path = Model;
			sourceTree = "<group>";
		};
		26494BDB1FC10FDF00B0BC42 /* Controller */ = {
			isa = PBXGroup;
			children = (
				26494BDC1FC1101100B0BC42 /* ChatVC.swift */,
				26494BDE1FC1102100B0BC42 /* ChannelVC.swift */,
				26494BE51FC16A6900B0BC42 /* LoginVC.swift */,
			);
			path = Controller;
			sourceTree = "<group>";
		};
		26494BE21FC166E800B0BC42 /* Utilities */ = {
			isa = PBXGroup;
			children = (
				26494BE31FC166FC00B0BC42 /* Constants.swift */,
			);
			path = Utilities;
			sourceTree = "<group>";
		};
		5C72F81A611843D770CCB2BE /* Pods */ = {
			isa = PBXGroup;
			children = (
				4A3B711712A5D118116548F2 /* Pods-Smack.debug.xcconfig */,
				E91D49A644BEE64EA7DEC76B /* Pods-Smack.release.xcconfig */,
			);
			name = Pods;
			sourceTree = "<group>";
		};
		929B2B6DAF871FE2E8BAFB6C /* Frameworks */ = {
			isa = PBXGroup;
			children = (
				D546911F0358789D9D47320A /* Pods_Smack.framework */,
			);
			name = Frameworks;
			sourceTree = "<group>";
		};
/* End PBXGroup section */

/* Begin PBXNativeTarget section */
		2640DF1B1FBD38F1003473FE /* Smack */ = {
			isa = PBXNativeTarget;
			buildConfigurationList = 2640DF2E1FBD38F1003473FE /* Build configuration list for PBXNativeTarget "Smack" */;
			buildPhases = (
				F58FDD92859EB57CA458346E /* [CP] Check Pods Manifest.lock */,
				2640DF181FBD38F1003473FE /* Sources */,
				2640DF191FBD38F1003473FE /* Frameworks */,
				2640DF1A1FBD38F1003473FE /* Resources */,
				D31FD0300750F91A380141D4 /* [CP] Embed Pods Frameworks */,
				456BC03FA5CD11715B724687 /* [CP] Copy Pods Resources */,
			);
			buildRules = (
			);
			dependencies = (
			);
			name = Smack;
			productName = Smack;
			productReference = 2640DF1C1FBD38F1003473FE /* Smack.app */;
			productType = "com.apple.product-type.application";
		};
/* End PBXNativeTarget section */

/* Begin PBXProject section */
		2640DF141FBD38F1003473FE /* Project object */ = {
			isa = PBXProject;
			attributes = {
				LastSwiftUpdateCheck = 0910;
				LastUpgradeCheck = 0910;
				ORGANIZATIONNAME = Blueikari;
				TargetAttributes = {
					2640DF1B1FBD38F1003473FE = {
						CreatedOnToolsVersion = 9.1;
						LastSwiftMigration = 0910;
						ProvisioningStyle = Automatic;
					};
				};
			};
			buildConfigurationList = 2640DF171FBD38F1003473FE /* Build configuration list for PBXProject "Smack" */;
			compatibilityVersion = "Xcode 8.0";
			developmentRegion = en;
			hasScannedForEncodings = 0;
			knownRegions = (
				en,
				Base,
			);
			mainGroup = 2640DF131FBD38F1003473FE;
			productRefGroup = 2640DF1D1FBD38F1003473FE /* Products */;
			projectDirPath = "";
			projectRoot = "";
			targets = (
				2640DF1B1FBD38F1003473FE /* Smack */,
			);
		};
/* End PBXProject section */

/* Begin PBXResourcesBuildPhase section */
		2640DF1A1FBD38F1003473FE /* Resources */ = {
			isa = PBXResourcesBuildPhase;
			buildActionMask = 2147483647;
			files = (
				2640DF2A1FBD38F1003473FE /* LaunchScreen.storyboard in Resources */,
				2640DF271FBD38F1003473FE /* Assets.xcassets in Resources */,
				2640DF251FBD38F1003473FE /* Main.storyboard in Resources */,
			);
			runOnlyForDeploymentPostprocessing = 0;
		};
/* End PBXResourcesBuildPhase section */

/* Begin PBXShellScriptBuildPhase section */
		456BC03FA5CD11715B724687 /* [CP] Copy Pods Resources */ = {
			isa = PBXShellScriptBuildPhase;
			buildActionMask = 2147483647;
			files = (
			);
			inputPaths = (
			);
			name = "[CP] Copy Pods Resources";
			outputPaths = (
			);
			runOnlyForDeploymentPostprocessing = 0;
			shellPath = /bin/sh;
			shellScript = "\"${SRCROOT}/Pods/Target Support Files/Pods-Smack/Pods-Smack-resources.sh\"\n";
			showEnvVarsInLog = 0;
		};
		D31FD0300750F91A380141D4 /* [CP] Embed Pods Frameworks */ = {
			isa = PBXShellScriptBuildPhase;
			buildActionMask = 2147483647;
			files = (
			);
			inputPaths = (
			);
			name = "[CP] Embed Pods Frameworks";
			outputPaths = (
			);
			runOnlyForDeploymentPostprocessing = 0;
			shellPath = /bin/sh;
			shellScript = "\"${SRCROOT}/Pods/Target Support Files/Pods-Smack/Pods-Smack-frameworks.sh\"\n";
			showEnvVarsInLog = 0;
		};
		F58FDD92859EB57CA458346E /* [CP] Check Pods Manifest.lock */ = {
			isa = PBXShellScriptBuildPhase;
			buildActionMask = 2147483647;
			files = (
			);
			inputPaths = (
			);
			name = "[CP] Check Pods Manifest.lock";
			outputPaths = (
			);
			runOnlyForDeploymentPostprocessing = 0;
			shellPath = /bin/sh;
			shellScript = "diff \"${PODS_ROOT}/../Podfile.lock\" \"${PODS_ROOT}/Manifest.lock\" > /dev/null\nif [ $? != 0 ] ; then\n    # print error to STDERR\n    echo \"error: The sandbox is not in sync with the Podfile.lock. Run 'pod install' or update your CocoaPods installation.\" >&2\n    exit 1\nfi\n";
			showEnvVarsInLog = 0;
		};
/* End PBXShellScriptBuildPhase section */

/* Begin PBXSourcesBuildPhase section */
		2640DF181FBD38F1003473FE /* Sources */ = {
			isa = PBXSourcesBuildPhase;
			buildActionMask = 2147483647;
			files = (
				26494BDF1FC1102100B0BC42 /* ChannelVC.swift in Sources */,
				26494BDD1FC1101100B0BC42 /* ChatVC.swift in Sources */,
				26494BE61FC16A6900B0BC42 /* LoginVC.swift in Sources */,
				26494BE11FC15CCE00B0BC42 /* GradientView.swift in Sources */,
				2640DF201FBD38F1003473FE /* AppDelegate.swift in Sources */,
				26494BD81FBE455F00B0BC42 /* SWRevealViewController.m in Sources */,
				26494BE41FC166FC00B0BC42 /* Constants.swift in Sources */,
			);
			runOnlyForDeploymentPostprocessing = 0;
		};
/* End PBXSourcesBuildPhase section */

/* Begin PBXVariantGroup section */
		2640DF231FBD38F1003473FE /* Main.storyboard */ = {
			isa = PBXVariantGroup;
			children = (
				2640DF241FBD38F1003473FE /* Base */,
			);
			name = Main.storyboard;
			sourceTree = "<group>";
		};
		2640DF281FBD38F1003473FE /* LaunchScreen.storyboard */ = {
			isa = PBXVariantGroup;
			children = (
				2640DF291FBD38F1003473FE /* Base */,
			);
			name = LaunchScreen.storyboard;
			sourceTree = "<group>";
		};
/* End PBXVariantGroup section */

/* Begin XCBuildConfiguration section */
		2640DF2C1FBD38F1003473FE /* Debug */ = {
			isa = XCBuildConfiguration;
			buildSettings = {
				ALWAYS_SEARCH_USER_PATHS = NO;
				CLANG_ANALYZER_NONNULL = YES;
				CLANG_ANALYZER_NUMBER_OBJECT_CONVERSION = YES_AGGRESSIVE;
				CLANG_CXX_LANGUAGE_STANDARD = "gnu++14";
				CLANG_CXX_LIBRARY = "libc++";
				CLANG_ENABLE_MODULES = YES;
				CLANG_ENABLE_OBJC_ARC = YES;
				CLANG_WARN_BLOCK_CAPTURE_AUTORELEASING = YES;
				CLANG_WARN_BOOL_CONVERSION = YES;
				CLANG_WARN_COMMA = YES;
				CLANG_WARN_CONSTANT_CONVERSION = YES;
				CLANG_WARN_DIRECT_OBJC_ISA_USAGE = YES_ERROR;
				CLANG_WARN_DOCUMENTATION_COMMENTS = YES;
				CLANG_WARN_EMPTY_BODY = YES;
				CLANG_WARN_ENUM_CONVERSION = YES;
				CLANG_WARN_INFINITE_RECURSION = YES;
				CLANG_WARN_INT_CONVERSION = YES;
				CLANG_WARN_NON_LITERAL_NULL_CONVERSION = YES;
				CLANG_WARN_OBJC_LITERAL_CONVERSION = YES;
				CLANG_WARN_OBJC_ROOT_CLASS = YES_ERROR;
				CLANG_WARN_RANGE_LOOP_ANALYSIS = YES;
				CLANG_WARN_STRICT_PROTOTYPES = YES;
				CLANG_WARN_SUSPICIOUS_MOVE = YES;
				CLANG_WARN_UNGUARDED_AVAILABILITY = YES_AGGRESSIVE;
				CLANG_WARN_UNREACHABLE_CODE = YES;
				CLANG_WARN__DUPLICATE_METHOD_MATCH = YES;
				CODE_SIGN_IDENTITY = "iPhone Developer";
				COPY_PHASE_STRIP = NO;
				DEBUG_INFORMATION_FORMAT = dwarf;
				ENABLE_STRICT_OBJC_MSGSEND = YES;
				ENABLE_TESTABILITY = YES;
				GCC_C_LANGUAGE_STANDARD = gnu11;
				GCC_DYNAMIC_NO_PIC = NO;
				GCC_NO_COMMON_BLOCKS = YES;
				GCC_OPTIMIZATION_LEVEL = 0;
				GCC_PREPROCESSOR_DEFINITIONS = (
					"DEBUG=1",
					"$(inherited)",
				);
				GCC_WARN_64_TO_32_BIT_CONVERSION = YES;
				GCC_WARN_ABOUT_RETURN_TYPE = YES_ERROR;
				GCC_WARN_UNDECLARED_SELECTOR = YES;
				GCC_WARN_UNINITIALIZED_AUTOS = YES_AGGRESSIVE;
				GCC_WARN_UNUSED_FUNCTION = YES;
				GCC_WARN_UNUSED_VARIABLE = YES;
				IPHONEOS_DEPLOYMENT_TARGET = 11.1;
				MTL_ENABLE_DEBUG_INFO = YES;
				ONLY_ACTIVE_ARCH = YES;
				SDKROOT = iphoneos;
				SWIFT_ACTIVE_COMPILATION_CONDITIONS = DEBUG;
				SWIFT_OPTIMIZATION_LEVEL = "-Onone";
			};
			name = Debug;
		};
		2640DF2D1FBD38F1003473FE /* Release */ = {
			isa = XCBuildConfiguration;
			buildSettings = {
				ALWAYS_SEARCH_USER_PATHS = NO;
				CLANG_ANALYZER_NONNULL = YES;
				CLANG_ANALYZER_NUMBER_OBJECT_CONVERSION = YES_AGGRESSIVE;
				CLANG_CXX_LANGUAGE_STANDARD = "gnu++14";
				CLANG_CXX_LIBRARY = "libc++";
				CLANG_ENABLE_MODULES = YES;
				CLANG_ENABLE_OBJC_ARC = YES;
				CLANG_WARN_BLOCK_CAPTURE_AUTORELEASING = YES;
				CLANG_WARN_BOOL_CONVERSION = YES;
				CLANG_WARN_COMMA = YES;
				CLANG_WARN_CONSTANT_CONVERSION = YES;
				CLANG_WARN_DIRECT_OBJC_ISA_USAGE = YES_ERROR;
				CLANG_WARN_DOCUMENTATION_COMMENTS = YES;
				CLANG_WARN_EMPTY_BODY = YES;
				CLANG_WARN_ENUM_CONVERSION = YES;
				CLANG_WARN_INFINITE_RECURSION = YES;
				CLANG_WARN_INT_CONVERSION = YES;
				CLANG_WARN_NON_LITERAL_NULL_CONVERSION = YES;
				CLANG_WARN_OBJC_LITERAL_CONVERSION = YES;
				CLANG_WARN_OBJC_ROOT_CLASS = YES_ERROR;
				CLANG_WARN_RANGE_LOOP_ANALYSIS = YES;
				CLANG_WARN_STRICT_PROTOTYPES = YES;
				CLANG_WARN_SUSPICIOUS_MOVE = YES;
				CLANG_WARN_UNGUARDED_AVAILABILITY = YES_AGGRESSIVE;
				CLANG_WARN_UNREACHABLE_CODE = YES;
				CLANG_WARN__DUPLICATE_METHOD_MATCH = YES;
				CODE_SIGN_IDENTITY = "iPhone Developer";
				COPY_PHASE_STRIP = NO;
				DEBUG_INFORMATION_FORMAT = "dwarf-with-dsym";
				ENABLE_NS_ASSERTIONS = NO;
				ENABLE_STRICT_OBJC_MSGSEND = YES;
				GCC_C_LANGUAGE_STANDARD = gnu11;
				GCC_NO_COMMON_BLOCKS = YES;
				GCC_WARN_64_TO_32_BIT_CONVERSION = YES;
				GCC_WARN_ABOUT_RETURN_TYPE = YES_ERROR;
				GCC_WARN_UNDECLARED_SELECTOR = YES;
				GCC_WARN_UNINITIALIZED_AUTOS = YES_AGGRESSIVE;
				GCC_WARN_UNUSED_FUNCTION = YES;
				GCC_WARN_UNUSED_VARIABLE = YES;
				IPHONEOS_DEPLOYMENT_TARGET = 11.1;
				MTL_ENABLE_DEBUG_INFO = NO;
				SDKROOT = iphoneos;
				SWIFT_OPTIMIZATION_LEVEL = "-Owholemodule";
				VALIDATE_PRODUCT = YES;
			};
			name = Release;
		};
		2640DF2F1FBD38F1003473FE /* Debug */ = {
			isa = XCBuildConfiguration;
			baseConfigurationReference = 4A3B711712A5D118116548F2 /* Pods-Smack.debug.xcconfig */;
			buildSettings = {
				ASSETCATALOG_COMPILER_APPICON_NAME = AppIcon;
				CLANG_ENABLE_MODULES = YES;
				CODE_SIGN_STYLE = Automatic;
				DEVELOPMENT_TEAM = JPLCN57WNV;
				INFOPLIST_FILE = Smack/Info.plist;
				LD_RUNPATH_SEARCH_PATHS = "$(inherited) @executable_path/Frameworks";
				PRODUCT_BUNDLE_IDENTIFIER = BLinc.Smack;
				PRODUCT_NAME = "$(TARGET_NAME)";
				SWIFT_OBJC_BRIDGING_HEADER = "Smack/Supporting Files/Smack-Bridging-Header.h";
				SWIFT_OPTIMIZATION_LEVEL = "-Onone";
				SWIFT_VERSION = 4.0;
				TARGETED_DEVICE_FAMILY = "1,2";
			};
			name = Debug;
		};
		2640DF301FBD38F1003473FE /* Release */ = {
			isa = XCBuildConfiguration;
			baseConfigurationReference = E91D49A644BEE64EA7DEC76B /* Pods-Smack.release.xcconfig */;
			buildSettings = {
				ASSETCATALOG_COMPILER_APPICON_NAME = AppIcon;
				CLANG_ENABLE_MODULES = YES;
				CODE_SIGN_STYLE = Automatic;
				DEVELOPMENT_TEAM = JPLCN57WNV;
				INFOPLIST_FILE = Smack/Info.plist;
				LD_RUNPATH_SEARCH_PATHS = "$(inherited) @executable_path/Frameworks";
				PRODUCT_BUNDLE_IDENTIFIER = BLinc.Smack;
				PRODUCT_NAME = "$(TARGET_NAME)";
				SWIFT_OBJC_BRIDGING_HEADER = "Smack/Supporting Files/Smack-Bridging-Header.h";
				SWIFT_VERSION = 4.0;
				TARGETED_DEVICE_FAMILY = "1,2";
			};
			name = Release;
		};
/* End XCBuildConfiguration section */

/* Begin XCConfigurationList section */
		2640DF171FBD38F1003473FE /* Build configuration list for PBXProject "Smack" */ = {
			isa = XCConfigurationList;
			buildConfigurations = (
				2640DF2C1FBD38F1003473FE /* Debug */,
				2640DF2D1FBD38F1003473FE /* Release */,
			);
			defaultConfigurationIsVisible = 0;
			defaultConfigurationName = Release;
		};
		2640DF2E1FBD38F1003473FE /* Build configuration list for PBXNativeTarget "Smack" */ = {
			isa = XCConfigurationList;
			buildConfigurations = (
				2640DF2F1FBD38F1003473FE /* Debug */,
				2640DF301FBD38F1003473FE /* Release */,
			);
			defaultConfigurationIsVisible = 0;
			defaultConfigurationName = Release;
		};
/* End XCConfigurationList section */
	};
	rootObject = 2640DF141FBD38F1003473FE /* Project object */;
}
